
Microsoft Visual Studio Solution File, Format Version 12.00
# Visual Studio 15
VisualStudioVersion = 15.0.28307.757
MinimumVisualStudioVersion = 10.0.40219.1
Project("{9A19103F-16F7-4668-BE54-9A1E7A4F7556}") = "Vavoom", "Vavoom\Vavoom.csproj", "{4C63163F-E70D-445A-AAF5-DF6DDB9096F7}"
EndProject
Project("{9A19103F-16F7-4668-BE54-9A1E7A4F7556}") = "Vavoom.Tester", "Vavoom.Tester\Vavoom.Tester.csproj", "{9BA5EA9F-BCE7-462C-ABB7-024C4B89AC8F}"
EndProject
Project("{FAE04EC0-301F-11D3-BF4B-00C04F79EFBC}") = "Super.Secret.Library", "Super.Secret.Library\Super.Secret.Library.csproj", "{53E6D5DF-540B-404B-B6A9-9C5D2514A2CB}"
EndProject
Global
	GlobalSection(SolutionConfigurationPlatforms) = preSolution
		Debug|Any CPU = Debug|Any CPU
		Release|Any CPU = Release|Any CPU
	EndGlobalSection
	GlobalSection(ProjectConfigurationPlatforms) = postSolution
		{4C63163F-E70D-445A-AAF5-DF6DDB9096F7}.Debug|Any CPU.ActiveCfg = Debug|Any CPU
		{4C63163F-E70D-445A-AAF5-DF6DDB9096F7}.Debug|Any CPU.Build.0 = Debug|Any CPU
		{4C63163F-E70D-445A-AAF5-DF6DDB9096F7}.Release|Any CPU.ActiveCfg = Release|Any CPU
		{4C63163F-E70D-445A-AAF5-DF6DDB9096F7}.Release|Any CPU.Build.0 = Release|Any CPU
		{9BA5EA9F-BCE7-462C-ABB7-024C4B89AC8F}.Debug|Any CPU.ActiveCfg = Debug|Any CPU
		{9BA5EA9F-BCE7-462C-ABB7-024C4B89AC8F}.Debug|Any CPU.Build.0 = Debug|Any CPU
		{9BA5EA9F-BCE7-462C-ABB7-024C4B89AC8F}.Release|Any CPU.ActiveCfg = Release|Any CPU
		{9BA5EA9F-BCE7-462C-ABB7-024C4B89AC8F}.Release|Any CPU.Build.0 = Release|Any CPU
		{53E6D5DF-540B-404B-B6A9-9C5D2514A2CB}.Debug|Any CPU.ActiveCfg = Debug|Any CPU
		{53E6D5DF-540B-404B-B6A9-9C5D2514A2CB}.Debug|Any CPU.Build.0 = Debug|Any CPU
		{53E6D5DF-540B-404B-B6A9-9C5D2514A2CB}.Release|Any CPU.ActiveCfg = Release|Any CPU
		{53E6D5DF-540B-404B-B6A9-9C5D2514A2CB}.Release|Any CPU.Build.0 = Release|Any CPU
	EndGlobalSection
	GlobalSection(SolutionProperties) = preSolution
		HideSolutionNode = FALSE
	EndGlobalSection
	GlobalSection(ExtensibilityGlobals) = postSolution
		SolutionGuid = {16412C90-BED9-4B61-A373-341D058B7072}
	EndGlobalSection
EndGlobal
